
Microsoft Visual Studio Solution File, Format Version 12.00
# Visual Studio Express 2012 for Windows Desktop
Project("{8BC9CEB8-8B4A-11D0-8D11-00A0C91BC942}") = "gtkiostream", "gtkiostream.vcxproj", "{F79CDA7B-C8C1-4ED1-9825-BDE5711DC8A1}"
	ProjectSection(ProjectDependencies) = postProject
		{8862AB43-CA4F-4D3E-B988-73939D0E4F6E} = {8862AB43-CA4F-4D3E-B988-73939D0E4F6E}
		{E4F4D462-9902-4BAB-8F92-A569CF8A18C5} = {E4F4D462-9902-4BAB-8F92-A569CF8A18C5}
		{09495E8E-31AC-4F5E-A1A9-7C48DAB7195C} = {09495E8E-31AC-4F5E-A1A9-7C48DAB7195C}
	EndProjectSection
EndProject
Project("{8BC9CEB8-8B4A-11D0-8D11-00A0C91BC942}") = "ORB", "..\ORB\ORB.vcxproj", "{79B0B004-61E3-46DA-A2F4-2F91CB1C898B}"
EndProject
Project("{8BC9CEB8-8B4A-11D0-8D11-00A0C91BC942}") = "ORBTest", "ORBTest\ORBTest.vcxproj", "{852792ED-115E-4B69-9A95-4627514AF257}"
	ProjectSection(ProjectDependencies) = postProject
		{79B0B004-61E3-46DA-A2F4-2F91CB1C898B} = {79B0B004-61E3-46DA-A2F4-2F91CB1C898B}
	EndProjectSection
EndProject
Project("{8BC9CEB8-8B4A-11D0-8D11-00A0C91BC942}") = "libgtkIOStream", "..\libgtkIOStream\libgtkIOStream.vcxproj", "{09495E8E-31AC-4F5E-A1A9-7C48DAB7195C}"
EndProject
Project("{8BC9CEB8-8B4A-11D0-8D11-00A0C91BC942}") = "WSOLA", "..\WSOLA\WSOLA.vcxproj", "{FE6E826B-B1AD-4AFE-A46F-34C4F7CF1F63}"
	ProjectSection(ProjectDependencies) = postProject
		{8862AB43-CA4F-4D3E-B988-73939D0E4F6E} = {8862AB43-CA4F-4D3E-B988-73939D0E4F6E}
		{E4F4D462-9902-4BAB-8F92-A569CF8A18C5} = {E4F4D462-9902-4BAB-8F92-A569CF8A18C5}
		{09495E8E-31AC-4F5E-A1A9-7C48DAB7195C} = {09495E8E-31AC-4F5E-A1A9-7C48DAB7195C}
	EndProjectSection
EndProject
Project("{8BC9CEB8-8B4A-11D0-8D11-00A0C91BC942}") = "WSOLAJackGTK", "..\WSOLAJackGTK\WSOLAJackGTK.vcxproj", "{5EA7559A-2A83-4B45-83E3-6504F4A7E6CC}"
	ProjectSection(ProjectDependencies) = postProject
		{8862AB43-CA4F-4D3E-B988-73939D0E4F6E} = {8862AB43-CA4F-4D3E-B988-73939D0E4F6E}
		{E4F4D462-9902-4BAB-8F92-A569CF8A18C5} = {E4F4D462-9902-4BAB-8F92-A569CF8A18C5}
		{FE6E826B-B1AD-4AFE-A46F-34C4F7CF1F63} = {FE6E826B-B1AD-4AFE-A46F-34C4F7CF1F63}
		{09495E8E-31AC-4F5E-A1A9-7C48DAB7195C} = {09495E8E-31AC-4F5E-A1A9-7C48DAB7195C}
	EndProjectSection
EndProject
Project("{8BC9CEB8-8B4A-11D0-8D11-00A0C91BC942}") = "libfft", "..\libfft\libfft.vcxproj", "{E4F4D462-9902-4BAB-8F92-A569CF8A18C5}"
EndProject
Project("{8BC9CEB8-8B4A-11D0-8D11-00A0C91BC942}") = "libAudioMask", "..\libAudioMask\libAudioMask.vcxproj", "{8862AB43-CA4F-4D3E-B988-73939D0E4F6E}"
	ProjectSection(ProjectDependencies) = postProject
		{E4F4D462-9902-4BAB-8F92-A569CF8A18C5} = {E4F4D462-9902-4BAB-8F92-A569CF8A18C5}
		{09495E8E-31AC-4F5E-A1A9-7C48DAB7195C} = {09495E8E-31AC-4F5E-A1A9-7C48DAB7195C}
	EndProjectSection
EndProject
Project("{8BC9CEB8-8B4A-11D0-8D11-00A0C91BC942}") = "AudioMasker", "..\AudioMasker\AudioMasker.vcxproj", "{8FE528E9-ED52-40A5-9784-D9F9ED6E88A1}"
	ProjectSection(ProjectDependencies) = postProject
		{8862AB43-CA4F-4D3E-B988-73939D0E4F6E} = {8862AB43-CA4F-4D3E-B988-73939D0E4F6E}
		{E4F4D462-9902-4BAB-8F92-A569CF8A18C5} = {E4F4D462-9902-4BAB-8F92-A569CF8A18C5}
		{09495E8E-31AC-4F5E-A1A9-7C48DAB7195C} = {09495E8E-31AC-4F5E-A1A9-7C48DAB7195C}
	EndProjectSection
EndProject
Project("{8BC9CEB8-8B4A-11D0-8D11-00A0C91BC942}") = "CrossoverTester", "..\CrossoverTester\CrossoverTester.vcxproj", "{9D136AEC-6E93-4974-B4E5-9066B0AF80AA}"
	ProjectSection(ProjectDependencies) = postProject
		{8862AB43-CA4F-4D3E-B988-73939D0E4F6E} = {8862AB43-CA4F-4D3E-B988-73939D0E4F6E}
		{E4F4D462-9902-4BAB-8F92-A569CF8A18C5} = {E4F4D462-9902-4BAB-8F92-A569CF8A18C5}
		{09495E8E-31AC-4F5E-A1A9-7C48DAB7195C} = {09495E8E-31AC-4F5E-A1A9-7C48DAB7195C}
	EndProjectSection
EndProject
Global
	GlobalSection(SolutionConfigurationPlatforms) = preSolution
		Debug|Win32 = Debug|Win32
		Release|Win32 = Release|Win32
	EndGlobalSection
	GlobalSection(ProjectConfigurationPlatforms) = postSolution
		{F79CDA7B-C8C1-4ED1-9825-BDE5711DC8A1}.Debug|Win32.ActiveCfg = Debug|Win32
		{F79CDA7B-C8C1-4ED1-9825-BDE5711DC8A1}.Debug|Win32.Build.0 = Debug|Win32
		{F79CDA7B-C8C1-4ED1-9825-BDE5711DC8A1}.Release|Win32.ActiveCfg = Release|Win32
		{79B0B004-61E3-46DA-A2F4-2F91CB1C898B}.Debug|Win32.ActiveCfg = Debug|Win32
		{79B0B004-61E3-46DA-A2F4-2F91CB1C898B}.Debug|Win32.Build.0 = Debug|Win32
		{79B0B004-61E3-46DA-A2F4-2F91CB1C898B}.Release|Win32.ActiveCfg = Release|Win32
		{79B0B004-61E3-46DA-A2F4-2F91CB1C898B}.Release|Win32.Build.0 = Release|Win32
		{852792ED-115E-4B69-9A95-4627514AF257}.Debug|Win32.ActiveCfg = Debug|Win32
		{852792ED-115E-4B69-9A95-4627514AF257}.Debug|Win32.Build.0 = Debug|Win32
		{852792ED-115E-4B69-9A95-4627514AF257}.Release|Win32.ActiveCfg = Release|Win32
		{852792ED-115E-4B69-9A95-4627514AF257}.Release|Win32.Build.0 = Release|Win32
		{09495E8E-31AC-4F5E-A1A9-7C48DAB7195C}.Debug|Win32.ActiveCfg = Debug|Win32
		{09495E8E-31AC-4F5E-A1A9-7C48DAB7195C}.Debug|Win32.Build.0 = Debug|Win32
		{09495E8E-31AC-4F5E-A1A9-7C48DAB7195C}.Release|Win32.ActiveCfg = Release|Win32
		{09495E8E-31AC-4F5E-A1A9-7C48DAB7195C}.Release|Win32.Build.0 = Release|Win32
		{FE6E826B-B1AD-4AFE-A46F-34C4F7CF1F63}.Debug|Win32.ActiveCfg = Debug|Win32
		{FE6E826B-B1AD-4AFE-A46F-34C4F7CF1F63}.Debug|Win32.Build.0 = Debug|Win32
		{FE6E826B-B1AD-4AFE-A46F-34C4F7CF1F63}.Release|Win32.ActiveCfg = Release|Win32
		{FE6E826B-B1AD-4AFE-A46F-34C4F7CF1F63}.Release|Win32.Build.0 = Release|Win32
		{5EA7559A-2A83-4B45-83E3-6504F4A7E6CC}.Debug|Win32.ActiveCfg = Debug|Win32
		{5EA7559A-2A83-4B45-83E3-6504F4A7E6CC}.Debug|Win32.Build.0 = Debug|Win32
		{5EA7559A-2A83-4B45-83E3-6504F4A7E6CC}.Release|Win32.ActiveCfg = Release|Win32
		{5EA7559A-2A83-4B45-83E3-6504F4A7E6CC}.Release|Win32.Build.0 = Release|Win32
		{E4F4D462-9902-4BAB-8F92-A569CF8A18C5}.Debug|Win32.ActiveCfg = Debug|Win32
		{E4F4D462-9902-4BAB-8F92-A569CF8A18C5}.Debug|Win32.Build.0 = Debug|Win32
		{E4F4D462-9902-4BAB-8F92-A569CF8A18C5}.Release|Win32.ActiveCfg = Release|Win32
		{E4F4D462-9902-4BAB-8F92-A569CF8A18C5}.Release|Win32.Build.0 = Release|Win32
		{8862AB43-CA4F-4D3E-B988-73939D0E4F6E}.Debug|Win32.ActiveCfg = Debug|Win32
		{8862AB43-CA4F-4D3E-B988-73939D0E4F6E}.Debug|Win32.Build.0 = Debug|Win32
		{8862AB43-CA4F-4D3E-B988-73939D0E4F6E}.Release|Win32.ActiveCfg = Release|Win32
		{8862AB43-CA4F-4D3E-B988-73939D0E4F6E}.Release|Win32.Build.0 = Release|Win32
		{8FE528E9-ED52-40A5-9784-D9F9ED6E88A1}.Debug|Win32.ActiveCfg = Debug|Win32
		{8FE528E9-ED52-40A5-9784-D9F9ED6E88A1}.Debug|Win32.Build.0 = Debug|Win32
		{8FE528E9-ED52-40A5-9784-D9F9ED6E88A1}.Release|Win32.ActiveCfg = Release|Win32
		{8FE528E9-ED52-40A5-9784-D9F9ED6E88A1}.Release|Win32.Build.0 = Release|Win32
		{9D136AEC-6E93-4974-B4E5-9066B0AF80AA}.Debug|Win32.ActiveCfg = Debug|Win32
		{9D136AEC-6E93-4974-B4E5-9066B0AF80AA}.Debug|Win32.Build.0 = Debug|Win32
		{9D136AEC-6E93-4974-B4E5-9066B0AF80AA}.Release|Win32.ActiveCfg = Release|Win32
		{9D136AEC-6E93-4974-B4E5-9066B0AF80AA}.Release|Win32.Build.0 = Release|Win32
	EndGlobalSection
	GlobalSection(SolutionProperties) = preSolution
		HideSolutionNode = FALSE
	EndGlobalSection
EndGlobal
