<?xml version="1.0" encoding="utf-8"?>
<Project ToolsVersion="4.0" xmlns="http://schemas.microsoft.com/developer/msbuild/2003">
  <ItemGroup>
    <Filter Include="Source Files">
      <UniqueIdentifier>{4FC737F1-C7A5-4376-A066-2A32D752A2FF}</UniqueIdentifier>
      <Extensions>cpp;c;cc;cxx;def;odl;idl;hpj;bat;asm;asmx</Extensions>
    </Filter>
    <Filter Include="Header Files">
      <UniqueIdentifier>{93995380-89BD-4b04-88EB-625FBE52EBFB}</UniqueIdentifier>
      <Extensions>h;hpp;hxx;hm;inl;inc;xsd</Extensions>
    </Filter>
    <Filter Include="Resource Files">
      <UniqueIdentifier>{67DA6AB6-F800-4c08-8B7A-83BB121AAD01}</UniqueIdentifier>
      <Extensions>rc;ico;cur;bmp;dlg;rc2;rct;bin;rgs;gif;jpg;jpeg;jpe;resx;tiff;tif;png;wav;mfcribbon-ms</Extensions>
    </Filter>
  </ItemGroup>
  <ItemGroup>
    <ClInclude Include="..\..\include\Alignment.H">
      <Filter>Header Files</Filter>
    </ClInclude>
    <ClInclude Include="..\..\include\Box.H">
      <Filter>Header Files</Filter>
    </ClInclude>
    <ClInclude Include="..\..\include\Buttons.H">
      <Filter>Header Files</Filter>
    </ClInclude>
    <ClInclude Include="..\..\include\CairoArrow.H">
      <Filter>Header Files</Filter>
    </ClInclude>
    <ClInclude Include="..\..\include\ColourLineSpec.H">
      <Filter>Header Files</Filter>
    </ClInclude>
    <ClInclude Include="..\..\include\colourWheel.H">
      <Filter>Header Files</Filter>
    </ClInclude>
    <ClInclude Include="..\..\include\ComboBoxText.H">
      <Filter>Header Files</Filter>
    </ClInclude>
    <ClInclude Include="..\..\include\commonTimeCodeX.H">
      <Filter>Header Files</Filter>
    </ClInclude>
    <ClInclude Include="..\..\include\Container.H">
      <Filter>Header Files</Filter>
    </ClInclude>
    <ClInclude Include="..\..\include\Debug.H">
      <Filter>Header Files</Filter>
    </ClInclude>
    <ClInclude Include="..\..\include\DrawingArea.H">
      <Filter>Header Files</Filter>
    </ClInclude>
    <ClInclude Include="..\..\include\EventBox.H">
      <Filter>Header Files</Filter>
    </ClInclude>
    <ClInclude Include="..\..\include\FileGtk.H">
      <Filter>Header Files</Filter>
    </ClInclude>
    <ClInclude Include="..\..\include\Frame.H">
      <Filter>Header Files</Filter>
    </ClInclude>
    <ClInclude Include="..\..\include\gtkInterface.H">
      <Filter>Header Files</Filter>
    </ClInclude>
    <ClInclude Include="..\..\include\GtkUtils.H">
      <Filter>Header Files</Filter>
    </ClInclude>
    <ClInclude Include="..\..\include\JackClient.H">
      <Filter>Header Files</Filter>
    </ClInclude>
    <ClInclude Include="..\..\include\Labels.H">
      <Filter>Header Files</Filter>
    </ClInclude>
    <ClInclude Include="..\..\include\MessageDialog.H">
      <Filter>Header Files</Filter>
    </ClInclude>
    <ClInclude Include="..\..\include\NeuralNetwork.H">
      <Filter>Header Files</Filter>
    </ClInclude>
    <ClInclude Include="..\..\include\Octave.H">
      <Filter>Header Files</Filter>
    </ClInclude>
    <ClInclude Include="..\..\include\OptionParser.H">
      <Filter>Header Files</Filter>
    </ClInclude>
    <ClInclude Include="..\..\include\ORB.H">
      <Filter>Header Files</Filter>
    </ClInclude>
    <ClInclude Include="..\..\include\Pango.H">
      <Filter>Header Files</Filter>
    </ClInclude>
    <ClInclude Include="..\..\include\Pixmap.H">
      <Filter>Header Files</Filter>
    </ClInclude>
    <ClInclude Include="..\..\include\Plot.H">
      <Filter>Header Files</Filter>
    </ClInclude>
    <ClInclude Include="..\..\include\ProgressBar.H">
      <Filter>Header Files</Filter>
    </ClInclude>
    <ClInclude Include="..\..\include\Scales.H">
      <Filter>Header Files</Filter>
    </ClInclude>
    <ClInclude Include="..\..\include\Scrolling.H">
      <Filter>Header Files</Filter>
    </ClInclude>
    <ClInclude Include="..\..\include\Selection.H">
      <Filter>Header Files</Filter>
    </ClInclude>
    <ClInclude Include="..\..\include\Separator.H">
      <Filter>Header Files</Filter>
    </ClInclude>
    <ClInclude Include="..\..\include\Sox.H">
      <Filter>Header Files</Filter>
    </ClInclude>
    <ClInclude Include="..\..\include\Table.H">
      <Filter>Header Files</Filter>
    </ClInclude>
    <ClInclude Include="..\..\include\TextView.H">
      <Filter>Header Files</Filter>
    </ClInclude>
    <ClInclude Include="..\..\include\Thread.H">
      <Filter>Header Files</Filter>
    </ClInclude>
    <ClInclude Include="..\..\include\Widget.H">
      <Filter>Header Files</Filter>
    </ClInclude>
    <ClInclude Include="..\..\include\Surface.H">
      <Filter>Header Files</Filter>
    </ClInclude>
    <ClInclude Include="..\..\include\SelectionArea.H">
      <Filter>Header Files</Filter>
    </ClInclude>
    <ClInclude Include="..\..\include\BlockBuffer.H">
      <Filter>Header Files</Filter>
    </ClInclude>
    <ClInclude Include="..\..\include\CairoBox.H">
      <Filter>Header Files</Filter>
    </ClInclude>
    <ClInclude Include="..\..\include\DirectoryScanner.H">
      <Filter>Header Files</Filter>
    </ClInclude>
    <ClInclude Include="..\..\include\Examples.H">
      <Filter>Header Files</Filter>
    </ClInclude>
    <ClInclude Include="..\..\include\WSOLA.H">
      <Filter>Header Files</Filter>
    </ClInclude>
    <ClInclude Include="..\..\include\WSOLAJack.H">
      <Filter>Header Files</Filter>
    </ClInclude>
    <ClInclude Include="..\..\include\CairoArc.H">
      <Filter>Header Files</Filter>
    </ClInclude>
    <ClInclude Include="..\..\include\CairoCircle.H">
      <Filter>Header Files</Filter>
    </ClInclude>
    <ClInclude Include="..\..\include\Dialog.H">
      <Filter>Header Files</Filter>
    </ClInclude>
    <ClInclude Include="..\..\include\TimeTools.H">
      <Filter>Header Files</Filter>
    </ClInclude>
  </ItemGroup>
  <ItemGroup>
    <ClCompile Include="..\..\test\WidgetTest.C">
      <Filter>Source Files</Filter>
    </ClCompile>
  </ItemGroup>
</Project>